
Microsoft Visual Studio Solution File, Format Version 12.00
# Visual Studio Version 17
VisualStudioVersion = 17.0.31903.59
MinimumVisualStudioVersion = 10.0.40219.1
Project("{2150E333-8FDC-42A3-9474-1A3956D46DE8}") = "src", "src", "{D844D392-1071-40E9-9AE5-F2C9C394E69D}"
EndProject
Project("{FAE04EC0-301F-11D3-BF4B-00C04F79EFBC}") = "ControleFinanceiro.Application", "ControleFinanceiro.Application\ControleFinanceiro.Application.csproj", "{2DF20E3B-CBB1-4939-95A1-E8A001A67A57}"
EndProject
Project("{FAE04EC0-301F-11D3-BF4B-00C04F79EFBC}") = "ControleFinanceiro.Infrastructure", "ControleFinanceiro.Infrastructure\ControleFinanceiro.Infrastructure.csproj", "{6AB45B79-40A8-42C3-A122-FA674D7C1707}"
EndProject
Project("{FAE04EC0-301F-11D3-BF4B-00C04F79EFBC}") = "ControleFinanceiro.Core", "ControleFinanceiro.Core\ControleFinanceiro.Core.csproj", "{0F224A21-EF0A-4D77-9AE6-9A650C38D594}"
EndProject
Project("{FAE04EC0-301F-11D3-BF4B-00C04F79EFBC}") = "ControleFinanceiro.Domain", "ControleFinanceiro.Domain\ControleFinanceiro.Domain.csproj", "{59B504E1-E29D-4F6C-BA67-73868D5341C1}"
EndProject
Project("{FAE04EC0-301F-11D3-BF4B-00C04F79EFBC}") = "ControleFinanceiro.Api", "ControleFinanceiro.Api\ControleFinanceiro.Api.csproj", "{63C59E3C-F347-4A99-ABE7-D7E4F80E5455}"
EndProject
Global
	GlobalSection(SolutionConfigurationPlatforms) = preSolution
		Debug|Any CPU = Debug|Any CPU
		Release|Any CPU = Release|Any CPU
	EndGlobalSection
	GlobalSection(SolutionProperties) = preSolution
		HideSolutionNode = FALSE
	EndGlobalSection
	GlobalSection(ProjectConfigurationPlatforms) = postSolution
		{2DF20E3B-CBB1-4939-95A1-E8A001A67A57}.Debug|Any CPU.ActiveCfg = Debug|Any CPU
		{2DF20E3B-CBB1-4939-95A1-E8A001A67A57}.Debug|Any CPU.Build.0 = Debug|Any CPU
		{2DF20E3B-CBB1-4939-95A1-E8A001A67A57}.Release|Any CPU.ActiveCfg = Release|Any CPU
		{2DF20E3B-CBB1-4939-95A1-E8A001A67A57}.Release|Any CPU.Build.0 = Release|Any CPU
		{6AB45B79-40A8-42C3-A122-FA674D7C1707}.Debug|Any CPU.ActiveCfg = Debug|Any CPU
		{6AB45B79-40A8-42C3-A122-FA674D7C1707}.Debug|Any CPU.Build.0 = Debug|Any CPU
		{6AB45B79-40A8-42C3-A122-FA674D7C1707}.Release|Any CPU.ActiveCfg = Release|Any CPU
		{6AB45B79-40A8-42C3-A122-FA674D7C1707}.Release|Any CPU.Build.0 = Release|Any CPU
		{0F224A21-EF0A-4D77-9AE6-9A650C38D594}.Debug|Any CPU.ActiveCfg = Debug|Any CPU
		{0F224A21-EF0A-4D77-9AE6-9A650C38D594}.Debug|Any CPU.Build.0 = Debug|Any CPU
		{0F224A21-EF0A-4D77-9AE6-9A650C38D594}.Release|Any CPU.ActiveCfg = Release|Any CPU
		{0F224A21-EF0A-4D77-9AE6-9A650C38D594}.Release|Any CPU.Build.0 = Release|Any CPU
		{59B504E1-E29D-4F6C-BA67-73868D5341C1}.Debug|Any CPU.ActiveCfg = Debug|Any CPU
		{59B504E1-E29D-4F6C-BA67-73868D5341C1}.Debug|Any CPU.Build.0 = Debug|Any CPU
		{59B504E1-E29D-4F6C-BA67-73868D5341C1}.Release|Any CPU.ActiveCfg = Release|Any CPU
		{59B504E1-E29D-4F6C-BA67-73868D5341C1}.Release|Any CPU.Build.0 = Release|Any CPU
		{63C59E3C-F347-4A99-ABE7-D7E4F80E5455}.Debug|Any CPU.ActiveCfg = Debug|Any CPU
		{63C59E3C-F347-4A99-ABE7-D7E4F80E5455}.Debug|Any CPU.Build.0 = Debug|Any CPU
		{63C59E3C-F347-4A99-ABE7-D7E4F80E5455}.Release|Any CPU.ActiveCfg = Release|Any CPU
		{63C59E3C-F347-4A99-ABE7-D7E4F80E5455}.Release|Any CPU.Build.0 = Release|Any CPU
	EndGlobalSection
	GlobalSection(NestedProjects) = preSolution
		{2DF20E3B-CBB1-4939-95A1-E8A001A67A57} = {D844D392-1071-40E9-9AE5-F2C9C394E69D}
		{6AB45B79-40A8-42C3-A122-FA674D7C1707} = {D844D392-1071-40E9-9AE5-F2C9C394E69D}
		{0F224A21-EF0A-4D77-9AE6-9A650C38D594} = {D844D392-1071-40E9-9AE5-F2C9C394E69D}
		{59B504E1-E29D-4F6C-BA67-73868D5341C1} = {D844D392-1071-40E9-9AE5-F2C9C394E69D}
		{63C59E3C-F347-4A99-ABE7-D7E4F80E5455} = {D844D392-1071-40E9-9AE5-F2C9C394E69D}
	EndGlobalSection
EndGlobal
